
Microsoft Visual Studio Solution File, Format Version 12.00
# Visual Studio Version 16
VisualStudioVersion = 16.0.30114.105
MinimumVisualStudioVersion = 10.0.40219.1
Project("{2150E333-8FDC-42A3-9474-1A3956D46DE8}") = "src", "src", "{1A7FD715-9238-40B9-8795-0FCCD31143E0}"
EndProject
Project("{FAE04EC0-301F-11D3-BF4B-00C04F79EFBC}") = "Bindle", "src\Bindle\Bindle.csproj", "{410ACD97-570A-4EBC-8E33-F2D0423BBC0E}"
EndProject
Project("{2150E333-8FDC-42A3-9474-1A3956D46DE8}") = "tests", "tests", "{BA023DCE-8C3B-41BD-9C59-D2F28FFD755D}"
EndProject
Project("{FAE04EC0-301F-11D3-BF4B-00C04F79EFBC}") = "Bindle.IntegrationTests", "tests\Bindle.IntegrationTests\Bindle.IntegrationTests.csproj", "{8E85E8CA-8E94-4018-9B75-20D6A5B80C4B}"
EndProject
Project("{FAE04EC0-301F-11D3-BF4B-00C04F79EFBC}") = "Bindle.UnitTests", "tests\Bindle.UnitTests\Bindle.UnitTests.csproj", "{D154DA87-9B47-4BB9-8C4F-5C6FF3232D37}"
EndProject
Global
	GlobalSection(SolutionConfigurationPlatforms) = preSolution
		Debug|Any CPU = Debug|Any CPU
		Release|Any CPU = Release|Any CPU
	EndGlobalSection
	GlobalSection(SolutionProperties) = preSolution
		HideSolutionNode = FALSE
	EndGlobalSection
	GlobalSection(ProjectConfigurationPlatforms) = postSolution
		{410ACD97-570A-4EBC-8E33-F2D0423BBC0E}.Debug|Any CPU.ActiveCfg = Debug|Any CPU
		{410ACD97-570A-4EBC-8E33-F2D0423BBC0E}.Debug|Any CPU.Build.0 = Debug|Any CPU
		{410ACD97-570A-4EBC-8E33-F2D0423BBC0E}.Release|Any CPU.ActiveCfg = Release|Any CPU
		{410ACD97-570A-4EBC-8E33-F2D0423BBC0E}.Release|Any CPU.Build.0 = Release|Any CPU
		{8E85E8CA-8E94-4018-9B75-20D6A5B80C4B}.Debug|Any CPU.ActiveCfg = Debug|Any CPU
		{8E85E8CA-8E94-4018-9B75-20D6A5B80C4B}.Debug|Any CPU.Build.0 = Debug|Any CPU
		{8E85E8CA-8E94-4018-9B75-20D6A5B80C4B}.Release|Any CPU.ActiveCfg = Release|Any CPU
		{8E85E8CA-8E94-4018-9B75-20D6A5B80C4B}.Release|Any CPU.Build.0 = Release|Any CPU
		{D154DA87-9B47-4BB9-8C4F-5C6FF3232D37}.Debug|Any CPU.ActiveCfg = Debug|Any CPU
		{D154DA87-9B47-4BB9-8C4F-5C6FF3232D37}.Debug|Any CPU.Build.0 = Debug|Any CPU
		{D154DA87-9B47-4BB9-8C4F-5C6FF3232D37}.Release|Any CPU.ActiveCfg = Release|Any CPU
		{D154DA87-9B47-4BB9-8C4F-5C6FF3232D37}.Release|Any CPU.Build.0 = Release|Any CPU
	EndGlobalSection
	GlobalSection(NestedProjects) = preSolution
		{410ACD97-570A-4EBC-8E33-F2D0423BBC0E} = {1A7FD715-9238-40B9-8795-0FCCD31143E0}
		{8E85E8CA-8E94-4018-9B75-20D6A5B80C4B} = {BA023DCE-8C3B-41BD-9C59-D2F28FFD755D}
		{D154DA87-9B47-4BB9-8C4F-5C6FF3232D37} = {BA023DCE-8C3B-41BD-9C59-D2F28FFD755D}
	EndGlobalSection
EndGlobal
